
Microsoft Visual Studio Solution File, Format Version 12.00
# Visual Studio Version 16
VisualStudioVersion = 16.0.32126.315
MinimumVisualStudioVersion = 10.0.40219.1
Project("{8BC9CEB8-8B4A-11D0-8D11-00A0C91BC942}") = "TobiasMitala", "TobiasMitala\TobiasMitala.vcxproj", "{CE314E23-F8EA-4E0B-ADDA-C030B4C37205}"
EndProject
Global
	GlobalSection(SolutionConfigurationPlatforms) = preSolution
		Debug|x64 = Debug|x64
		Debug|x86 = Debug|x86
		Release|x64 = Release|x64
		Release|x86 = Release|x86
	EndGlobalSection
	GlobalSection(ProjectConfigurationPlatforms) = postSolution
		{CE314E23-F8EA-4E0B-ADDA-C030B4C37205}.Debug|x64.ActiveCfg = Debug|x64
		{CE314E23-F8EA-4E0B-ADDA-C030B4C37205}.Debug|x64.Build.0 = Debug|x64
		{CE314E23-F8EA-4E0B-ADDA-C030B4C37205}.Debug|x86.ActiveCfg = Debug|Win32
		{CE314E23-F8EA-4E0B-ADDA-C030B4C37205}.Debug|x86.Build.0 = Debug|Win32
		{CE314E23-F8EA-4E0B-ADDA-C030B4C37205}.Release|x64.ActiveCfg = Release|x64
		{CE314E23-F8EA-4E0B-ADDA-C030B4C37205}.Release|x64.Build.0 = Release|x64
		{CE314E23-F8EA-4E0B-ADDA-C030B4C37205}.Release|x86.ActiveCfg = Release|Win32
		{CE314E23-F8EA-4E0B-ADDA-C030B4C37205}.Release|x86.Build.0 = Release|Win32
	EndGlobalSection
	GlobalSection(SolutionProperties) = preSolution
		HideSolutionNode = FALSE
	EndGlobalSection
	GlobalSection(ExtensibilityGlobals) = postSolution
		SolutionGuid = {C27321D6-2A2F-4608-89EF-5D075671C98E}
	EndGlobalSection
EndGlobal
